
Microsoft Visual Studio Solution File, Format Version 12.00
# Visual Studio Version 16
VisualStudioVersion = 16.0.29326.143
MinimumVisualStudioVersion = 10.0.40219.1
Project("{8BC9CEB8-8B4A-11D0-8D11-00A0C91BC942}") = "DEfunction", "DEfunction.vcxproj", "{18D94DFA-D2BA-4287-9B7D-3FF03388B0BE}"
EndProject
Global
	GlobalSection(SolutionConfigurationPlatforms) = preSolution
		Debug|x64 = Debug|x64
		Debug|x86 = Debug|x86
		Release|x64 = Release|x64
		Release|x86 = Release|x86
	EndGlobalSection
	GlobalSection(ProjectConfigurationPlatforms) = postSolution
		{18D94DFA-D2BA-4287-9B7D-3FF03388B0BE}.Debug|x64.ActiveCfg = Debug|x64
		{18D94DFA-D2BA-4287-9B7D-3FF03388B0BE}.Debug|x64.Build.0 = Debug|x64
		{18D94DFA-D2BA-4287-9B7D-3FF03388B0BE}.Debug|x86.ActiveCfg = Debug|Win32
		{18D94DFA-D2BA-4287-9B7D-3FF03388B0BE}.Debug|x86.Build.0 = Debug|Win32
		{18D94DFA-D2BA-4287-9B7D-3FF03388B0BE}.Release|x64.ActiveCfg = Release|x64
		{18D94DFA-D2BA-4287-9B7D-3FF03388B0BE}.Release|x64.Build.0 = Release|x64
		{18D94DFA-D2BA-4287-9B7D-3FF03388B0BE}.Release|x86.ActiveCfg = Release|Win32
		{18D94DFA-D2BA-4287-9B7D-3FF03388B0BE}.Release|x86.Build.0 = Release|Win32
	EndGlobalSection
	GlobalSection(SolutionProperties) = preSolution
		HideSolutionNode = FALSE
	EndGlobalSection
	GlobalSection(ExtensibilityGlobals) = postSolution
		SolutionGuid = {DAEC56C9-1492-4B34-BE8E-435C4C471A4D}
	EndGlobalSection
EndGlobal
